
Microsoft Visual Studio Solution File, Format Version 12.00
Project("{FAE04EC0-301F-11D3-BF4B-00C04F79EFBC}") = "Data", "Data\Data.csproj", "{2824DB43-971C-4729-A3A4-1D78392C8E2B}"
EndProject
Project("{FAE04EC0-301F-11D3-BF4B-00C04F79EFBC}") = "Service", "Service\Service.csproj", "{F63CB581-7377-4BEF-8A39-AA9AEB7B595E}"
EndProject
Project("{FAE04EC0-301F-11D3-BF4B-00C04F79EFBC}") = "WebApi", "WebApi\WebApi.csproj", "{424109CA-4118-4121-84AF-8D74B5A708DC}"
EndProject
Global
	GlobalSection(SolutionConfigurationPlatforms) = preSolution
		Debug|Any CPU = Debug|Any CPU
		Release|Any CPU = Release|Any CPU
	EndGlobalSection
	GlobalSection(ProjectConfigurationPlatforms) = postSolution
		{2824DB43-971C-4729-A3A4-1D78392C8E2B}.Debug|Any CPU.ActiveCfg = Debug|Any CPU
		{2824DB43-971C-4729-A3A4-1D78392C8E2B}.Debug|Any CPU.Build.0 = Debug|Any CPU
		{2824DB43-971C-4729-A3A4-1D78392C8E2B}.Release|Any CPU.ActiveCfg = Release|Any CPU
		{2824DB43-971C-4729-A3A4-1D78392C8E2B}.Release|Any CPU.Build.0 = Release|Any CPU
		{F63CB581-7377-4BEF-8A39-AA9AEB7B595E}.Debug|Any CPU.ActiveCfg = Debug|Any CPU
		{F63CB581-7377-4BEF-8A39-AA9AEB7B595E}.Debug|Any CPU.Build.0 = Debug|Any CPU
		{F63CB581-7377-4BEF-8A39-AA9AEB7B595E}.Release|Any CPU.ActiveCfg = Release|Any CPU
		{F63CB581-7377-4BEF-8A39-AA9AEB7B595E}.Release|Any CPU.Build.0 = Release|Any CPU
		{424109CA-4118-4121-84AF-8D74B5A708DC}.Debug|Any CPU.ActiveCfg = Debug|Any CPU
		{424109CA-4118-4121-84AF-8D74B5A708DC}.Debug|Any CPU.Build.0 = Debug|Any CPU
		{424109CA-4118-4121-84AF-8D74B5A708DC}.Release|Any CPU.ActiveCfg = Release|Any CPU
		{424109CA-4118-4121-84AF-8D74B5A708DC}.Release|Any CPU.Build.0 = Release|Any CPU
	EndGlobalSection
EndGlobal
